
Microsoft Visual Studio Solution File, Format Version 12.00
# Visual Studio Version 17
VisualStudioVersion = 17.0.31903.59
MinimumVisualStudioVersion = 10.0.40219.1
Project("{2150E333-8FDC-42A3-9474-1A3956D46DE8}") = "Services", "Services", "{55D87A36-0660-4896-AD28-7984E65BAD22}"
EndProject
Project("{2150E333-8FDC-42A3-9474-1A3956D46DE8}") = "Catalog", "Catalog", "{20A9356E-B6AA-4627-BB0B-FB2253D409F0}"
EndProject
Project("{9A19103F-16F7-4668-BE54-9A1E7A4F7556}") = "Catalog.API", "Services\Catalog\Catalog.API\Catalog.API.csproj", "{599C2AEA-3E14-4F44-B47D-C5173AC527F8}"
EndProject
Project("{E53339B2-1760-4266-BCC7-CA923CBCF16C}") = "docker-compose", "docker-compose.dcproj", "{D9C8D7E9-7AB5-46AE-BE05-93F73E63D6D9}"
EndProject
Project("{2150E333-8FDC-42A3-9474-1A3956D46DE8}") = "Basket", "Basket", "{76E51580-0EF9-4173-8C17-1002FC68DB8C}"
EndProject
Project("{FAE04EC0-301F-11D3-BF4B-00C04F79EFBC}") = "Basket.API", "..\Basket.API\Basket.API.csproj", "{5CCF6704-3F38-4644-A771-588B21AB5513}"
EndProject
Project("{2150E333-8FDC-42A3-9474-1A3956D46DE8}") = "Discount", "Discount", "{3655E219-2B75-4291-AC7C-7DAE7BD49EA8}"
EndProject
Project("{FAE04EC0-301F-11D3-BF4B-00C04F79EFBC}") = "DiscountApi", "Services\Discount\DiscountApi\DiscountApi.csproj", "{3B614C34-8DE9-470E-8649-C252F63CFA99}"
EndProject
Global
	GlobalSection(SolutionConfigurationPlatforms) = preSolution
		Debug|Any CPU = Debug|Any CPU
		Release|Any CPU = Release|Any CPU
	EndGlobalSection
	GlobalSection(ProjectConfigurationPlatforms) = postSolution
		{599C2AEA-3E14-4F44-B47D-C5173AC527F8}.Debug|Any CPU.ActiveCfg = Debug|Any CPU
		{599C2AEA-3E14-4F44-B47D-C5173AC527F8}.Debug|Any CPU.Build.0 = Debug|Any CPU
		{599C2AEA-3E14-4F44-B47D-C5173AC527F8}.Release|Any CPU.ActiveCfg = Release|Any CPU
		{599C2AEA-3E14-4F44-B47D-C5173AC527F8}.Release|Any CPU.Build.0 = Release|Any CPU
		{D9C8D7E9-7AB5-46AE-BE05-93F73E63D6D9}.Debug|Any CPU.ActiveCfg = Debug|Any CPU
		{D9C8D7E9-7AB5-46AE-BE05-93F73E63D6D9}.Debug|Any CPU.Build.0 = Debug|Any CPU
		{D9C8D7E9-7AB5-46AE-BE05-93F73E63D6D9}.Release|Any CPU.ActiveCfg = Release|Any CPU
		{D9C8D7E9-7AB5-46AE-BE05-93F73E63D6D9}.Release|Any CPU.Build.0 = Release|Any CPU
		{5CCF6704-3F38-4644-A771-588B21AB5513}.Debug|Any CPU.ActiveCfg = Debug|Any CPU
		{5CCF6704-3F38-4644-A771-588B21AB5513}.Debug|Any CPU.Build.0 = Debug|Any CPU
		{5CCF6704-3F38-4644-A771-588B21AB5513}.Release|Any CPU.ActiveCfg = Release|Any CPU
		{5CCF6704-3F38-4644-A771-588B21AB5513}.Release|Any CPU.Build.0 = Release|Any CPU
		{3B614C34-8DE9-470E-8649-C252F63CFA99}.Debug|Any CPU.ActiveCfg = Debug|Any CPU
		{3B614C34-8DE9-470E-8649-C252F63CFA99}.Debug|Any CPU.Build.0 = Debug|Any CPU
		{3B614C34-8DE9-470E-8649-C252F63CFA99}.Release|Any CPU.ActiveCfg = Release|Any CPU
		{3B614C34-8DE9-470E-8649-C252F63CFA99}.Release|Any CPU.Build.0 = Release|Any CPU
	EndGlobalSection
	GlobalSection(SolutionProperties) = preSolution
		HideSolutionNode = FALSE
	EndGlobalSection
	GlobalSection(NestedProjects) = preSolution
		{20A9356E-B6AA-4627-BB0B-FB2253D409F0} = {55D87A36-0660-4896-AD28-7984E65BAD22}
		{599C2AEA-3E14-4F44-B47D-C5173AC527F8} = {20A9356E-B6AA-4627-BB0B-FB2253D409F0}
		{76E51580-0EF9-4173-8C17-1002FC68DB8C} = {55D87A36-0660-4896-AD28-7984E65BAD22}
		{5CCF6704-3F38-4644-A771-588B21AB5513} = {76E51580-0EF9-4173-8C17-1002FC68DB8C}
		{3655E219-2B75-4291-AC7C-7DAE7BD49EA8} = {55D87A36-0660-4896-AD28-7984E65BAD22}
		{3B614C34-8DE9-470E-8649-C252F63CFA99} = {3655E219-2B75-4291-AC7C-7DAE7BD49EA8}
	EndGlobalSection
	GlobalSection(ExtensibilityGlobals) = postSolution
		SolutionGuid = {BAF8E0D6-570A-4D42-A6C1-CA32248720EF}
	EndGlobalSection
EndGlobal
